
Microsoft Visual Studio Solution File, Format Version 12.00
# Visual Studio 15
VisualStudioVersion = 15.0.26730.15
MinimumVisualStudioVersion = 10.0.40219.1
Project("{FAE04EC0-301F-11D3-BF4B-00C04F79EFBC}") = "Converter", "Converter\Converter.csproj", "{3E64DA1D-936B-474B-8131-24262AB5CB7D}"
EndProject
Global
	GlobalSection(SolutionConfigurationPlatforms) = preSolution
		Debug|Any CPU = Debug|Any CPU
		Release|Any CPU = Release|Any CPU
	EndGlobalSection
	GlobalSection(ProjectConfigurationPlatforms) = postSolution
		{3E64DA1D-936B-474B-8131-24262AB5CB7D}.Debug|Any CPU.ActiveCfg = Debug|Any CPU
		{3E64DA1D-936B-474B-8131-24262AB5CB7D}.Debug|Any CPU.Build.0 = Debug|Any CPU
		{3E64DA1D-936B-474B-8131-24262AB5CB7D}.Release|Any CPU.ActiveCfg = Release|Any CPU
		{3E64DA1D-936B-474B-8131-24262AB5CB7D}.Release|Any CPU.Build.0 = Release|Any CPU
	EndGlobalSection
	GlobalSection(SolutionProperties) = preSolution
		HideSolutionNode = FALSE
	EndGlobalSection
	GlobalSection(ExtensibilityGlobals) = postSolution
		SolutionGuid = {0387D08B-D50B-443D-B92C-1EB3C9211CD4}
	EndGlobalSection
EndGlobal
